
Microsoft Visual Studio Solution File, Format Version 12.00
Project("{FAE04EC0-301F-11D3-BF4B-00C04F79EFBC}") = "PowerPlant.Api", "PowerPlant.Api\PowerPlant.Api.csproj", "{B4AB3FB5-A0DF-4D2D-A3F1-6F10C48BCA41}"
EndProject
Project("{2150E333-8FDC-42A3-9474-1A3956D46DE8}") = "src", "src", "{B494D530-24E6-473B-A202-BE2F54650A9B}"
EndProject
Project("{2150E333-8FDC-42A3-9474-1A3956D46DE8}") = "tests", "tests", "{FC1E764D-54CA-4D81-B017-ACFEE057F3DF}"
EndProject
Project("{FAE04EC0-301F-11D3-BF4B-00C04F79EFBC}") = "PowerPlant.UnitTests", "PowerPlant.UnitTests\PowerPlant.UnitTests.csproj", "{809281ED-A5F9-4963-B89A-BF650BBE17D2}"
EndProject
Global
	GlobalSection(SolutionConfigurationPlatforms) = preSolution
		Debug|Any CPU = Debug|Any CPU
		Release|Any CPU = Release|Any CPU
	EndGlobalSection
	GlobalSection(ProjectConfigurationPlatforms) = postSolution
		{B4AB3FB5-A0DF-4D2D-A3F1-6F10C48BCA41}.Debug|Any CPU.ActiveCfg = Debug|Any CPU
		{B4AB3FB5-A0DF-4D2D-A3F1-6F10C48BCA41}.Debug|Any CPU.Build.0 = Debug|Any CPU
		{B4AB3FB5-A0DF-4D2D-A3F1-6F10C48BCA41}.Release|Any CPU.ActiveCfg = Release|Any CPU
		{B4AB3FB5-A0DF-4D2D-A3F1-6F10C48BCA41}.Release|Any CPU.Build.0 = Release|Any CPU
		{809281ED-A5F9-4963-B89A-BF650BBE17D2}.Debug|Any CPU.ActiveCfg = Debug|Any CPU
		{809281ED-A5F9-4963-B89A-BF650BBE17D2}.Debug|Any CPU.Build.0 = Debug|Any CPU
		{809281ED-A5F9-4963-B89A-BF650BBE17D2}.Release|Any CPU.ActiveCfg = Release|Any CPU
		{809281ED-A5F9-4963-B89A-BF650BBE17D2}.Release|Any CPU.Build.0 = Release|Any CPU
	EndGlobalSection
	GlobalSection(NestedProjects) = preSolution
		{B4AB3FB5-A0DF-4D2D-A3F1-6F10C48BCA41} = {B494D530-24E6-473B-A202-BE2F54650A9B}
		{809281ED-A5F9-4963-B89A-BF650BBE17D2} = {FC1E764D-54CA-4D81-B017-ACFEE057F3DF}
	EndGlobalSection
EndGlobal
